
Microsoft Visual Studio Solution File, Format Version 12.00
# Visual Studio Version 17
VisualStudioVersion = 17.8.34330.188
MinimumVisualStudioVersion = 10.0.40219.1
Project("{FAE04EC0-301F-11D3-BF4B-00C04F79EFBC}") = "WindowsFormsApp1", "WindowsFormsApp1\WindowsFormsApp1.csproj", "{F1A38127-E257-488D-AB1D-87F079938B98}"
EndProject
Global
	GlobalSection(SolutionConfigurationPlatforms) = preSolution
		Debug|Any CPU = Debug|Any CPU
		Release|Any CPU = Release|Any CPU
	EndGlobalSection
	GlobalSection(ProjectConfigurationPlatforms) = postSolution
		{F1A38127-E257-488D-AB1D-87F079938B98}.Debug|Any CPU.ActiveCfg = Debug|Any CPU
		{F1A38127-E257-488D-AB1D-87F079938B98}.Debug|Any CPU.Build.0 = Debug|Any CPU
		{F1A38127-E257-488D-AB1D-87F079938B98}.Release|Any CPU.ActiveCfg = Release|Any CPU
		{F1A38127-E257-488D-AB1D-87F079938B98}.Release|Any CPU.Build.0 = Release|Any CPU
	EndGlobalSection
	GlobalSection(SolutionProperties) = preSolution
		HideSolutionNode = FALSE
	EndGlobalSection
	GlobalSection(ExtensibilityGlobals) = postSolution
		SolutionGuid = {FF10B7B9-D07F-47D8-A2EE-3705E79DABFF}
	EndGlobalSection
EndGlobal
